
Microsoft Visual Studio Solution File, Format Version 12.00
# Visual Studio Version 17
VisualStudioVersion = 17.0.31912.275
MinimumVisualStudioVersion = 10.0.40219.1
Project("{9A19103F-16F7-4668-BE54-9A1E7A4F7556}") = "Library", "Library\Library.csproj", "{81D89673-9BCA-4BAF-A7FE-79FEEF6EBA5C}"
EndProject
Project("{2150E333-8FDC-42A3-9474-1A3956D46DE8}") = "API", "API", "{E254B576-4478-4BD4-9B87-F7D1EE8D359B}"
EndProject
Project("{2150E333-8FDC-42A3-9474-1A3956D46DE8}") = "Infrastructure", "Infrastructure", "{587C43DA-EF91-450C-892C-62DA3AABDF8A}"
EndProject
Project("{9A19103F-16F7-4668-BE54-9A1E7A4F7556}") = "Library.Models", "Library.Models\Library.Models.csproj", "{530EC65E-18FC-4E47-A15B-1AD3AE567A24}"
EndProject
Project("{9A19103F-16F7-4668-BE54-9A1E7A4F7556}") = "Library.SQL", "Library.SQL\Library.SQL.csproj", "{F5F4F3F8-5760-4E12-AF55-D07B167246B8}"
EndProject
Project("{2150E333-8FDC-42A3-9474-1A3956D46DE8}") = "SharedKernel", "SharedKernel", "{EEFCEDE4-AEE0-42B6-8FB9-FBC23D1D1DE7}"
EndProject
Project("{9A19103F-16F7-4668-BE54-9A1E7A4F7556}") = "Library.SharedKernel", "Library.SharedKernel\Library.SharedKernel.csproj", "{50C7CE6C-E582-43B3-90CE-1FB6179A03FE}"
EndProject
Project("{2150E333-8FDC-42A3-9474-1A3956D46DE8}") = "BoundedContext", "BoundedContext", "{8A606900-B3E0-433D-B140-3E3CF42E6D07}"
EndProject
Project("{9A19103F-16F7-4668-BE54-9A1E7A4F7556}") = "Library.DataTransferObjects", "Library.DataTransferObjects\Library.DataTransferObjects.csproj", "{8994B1E2-8034-49FF-81B4-83B1D2EA164B}"
EndProject
Project("{9A19103F-16F7-4668-BE54-9A1E7A4F7556}") = "Library.Shared", "Library.Shared\Library.Shared.csproj", "{CF902C34-0F04-4EA3-9EAC-B1EFDD7F30E9}"
EndProject
Project("{9A19103F-16F7-4668-BE54-9A1E7A4F7556}") = "Library.Security", "Library.Security\Library.Security.csproj", "{DE94AD68-E35D-43DA-9F4A-F02ACAA2622D}"
EndProject
Project("{9A19103F-16F7-4668-BE54-9A1E7A4F7556}") = "Library.Main", "Library.Main\Library.Main.csproj", "{CE00D594-C529-4E45-B8B4-BB990986FDA8}"
EndProject
Project("{FAE04EC0-301F-11D3-BF4B-00C04F79EFBC}") = "Library.Base", "Library.Base\Library.Base.csproj", "{95493B90-182D-4CAC-A352-738F0DF9F5FF}"
EndProject
Global
	GlobalSection(SolutionConfigurationPlatforms) = preSolution
		Debug|Any CPU = Debug|Any CPU
		Release|Any CPU = Release|Any CPU
	EndGlobalSection
	GlobalSection(ProjectConfigurationPlatforms) = postSolution
		{81D89673-9BCA-4BAF-A7FE-79FEEF6EBA5C}.Debug|Any CPU.ActiveCfg = Debug|Any CPU
		{81D89673-9BCA-4BAF-A7FE-79FEEF6EBA5C}.Debug|Any CPU.Build.0 = Debug|Any CPU
		{81D89673-9BCA-4BAF-A7FE-79FEEF6EBA5C}.Release|Any CPU.ActiveCfg = Release|Any CPU
		{81D89673-9BCA-4BAF-A7FE-79FEEF6EBA5C}.Release|Any CPU.Build.0 = Release|Any CPU
		{530EC65E-18FC-4E47-A15B-1AD3AE567A24}.Debug|Any CPU.ActiveCfg = Debug|Any CPU
		{530EC65E-18FC-4E47-A15B-1AD3AE567A24}.Debug|Any CPU.Build.0 = Debug|Any CPU
		{530EC65E-18FC-4E47-A15B-1AD3AE567A24}.Release|Any CPU.ActiveCfg = Release|Any CPU
		{530EC65E-18FC-4E47-A15B-1AD3AE567A24}.Release|Any CPU.Build.0 = Release|Any CPU
		{F5F4F3F8-5760-4E12-AF55-D07B167246B8}.Debug|Any CPU.ActiveCfg = Debug|Any CPU
		{F5F4F3F8-5760-4E12-AF55-D07B167246B8}.Debug|Any CPU.Build.0 = Debug|Any CPU
		{F5F4F3F8-5760-4E12-AF55-D07B167246B8}.Release|Any CPU.ActiveCfg = Release|Any CPU
		{F5F4F3F8-5760-4E12-AF55-D07B167246B8}.Release|Any CPU.Build.0 = Release|Any CPU
		{50C7CE6C-E582-43B3-90CE-1FB6179A03FE}.Debug|Any CPU.ActiveCfg = Debug|Any CPU
		{50C7CE6C-E582-43B3-90CE-1FB6179A03FE}.Debug|Any CPU.Build.0 = Debug|Any CPU
		{50C7CE6C-E582-43B3-90CE-1FB6179A03FE}.Release|Any CPU.ActiveCfg = Release|Any CPU
		{50C7CE6C-E582-43B3-90CE-1FB6179A03FE}.Release|Any CPU.Build.0 = Release|Any CPU
		{8994B1E2-8034-49FF-81B4-83B1D2EA164B}.Debug|Any CPU.ActiveCfg = Debug|Any CPU
		{8994B1E2-8034-49FF-81B4-83B1D2EA164B}.Debug|Any CPU.Build.0 = Debug|Any CPU
		{8994B1E2-8034-49FF-81B4-83B1D2EA164B}.Release|Any CPU.ActiveCfg = Release|Any CPU
		{8994B1E2-8034-49FF-81B4-83B1D2EA164B}.Release|Any CPU.Build.0 = Release|Any CPU
		{CF902C34-0F04-4EA3-9EAC-B1EFDD7F30E9}.Debug|Any CPU.ActiveCfg = Debug|Any CPU
		{CF902C34-0F04-4EA3-9EAC-B1EFDD7F30E9}.Debug|Any CPU.Build.0 = Debug|Any CPU
		{CF902C34-0F04-4EA3-9EAC-B1EFDD7F30E9}.Release|Any CPU.ActiveCfg = Release|Any CPU
		{CF902C34-0F04-4EA3-9EAC-B1EFDD7F30E9}.Release|Any CPU.Build.0 = Release|Any CPU
		{DE94AD68-E35D-43DA-9F4A-F02ACAA2622D}.Debug|Any CPU.ActiveCfg = Debug|Any CPU
		{DE94AD68-E35D-43DA-9F4A-F02ACAA2622D}.Debug|Any CPU.Build.0 = Debug|Any CPU
		{DE94AD68-E35D-43DA-9F4A-F02ACAA2622D}.Release|Any CPU.ActiveCfg = Release|Any CPU
		{DE94AD68-E35D-43DA-9F4A-F02ACAA2622D}.Release|Any CPU.Build.0 = Release|Any CPU
		{CE00D594-C529-4E45-B8B4-BB990986FDA8}.Debug|Any CPU.ActiveCfg = Debug|Any CPU
		{CE00D594-C529-4E45-B8B4-BB990986FDA8}.Debug|Any CPU.Build.0 = Debug|Any CPU
		{CE00D594-C529-4E45-B8B4-BB990986FDA8}.Release|Any CPU.ActiveCfg = Release|Any CPU
		{CE00D594-C529-4E45-B8B4-BB990986FDA8}.Release|Any CPU.Build.0 = Release|Any CPU
		{95493B90-182D-4CAC-A352-738F0DF9F5FF}.Debug|Any CPU.ActiveCfg = Debug|Any CPU
		{95493B90-182D-4CAC-A352-738F0DF9F5FF}.Debug|Any CPU.Build.0 = Debug|Any CPU
		{95493B90-182D-4CAC-A352-738F0DF9F5FF}.Release|Any CPU.ActiveCfg = Release|Any CPU
		{95493B90-182D-4CAC-A352-738F0DF9F5FF}.Release|Any CPU.Build.0 = Release|Any CPU
	EndGlobalSection
	GlobalSection(SolutionProperties) = preSolution
		HideSolutionNode = FALSE
	EndGlobalSection
	GlobalSection(NestedProjects) = preSolution
		{81D89673-9BCA-4BAF-A7FE-79FEEF6EBA5C} = {E254B576-4478-4BD4-9B87-F7D1EE8D359B}
		{530EC65E-18FC-4E47-A15B-1AD3AE567A24} = {587C43DA-EF91-450C-892C-62DA3AABDF8A}
		{F5F4F3F8-5760-4E12-AF55-D07B167246B8} = {587C43DA-EF91-450C-892C-62DA3AABDF8A}
		{50C7CE6C-E582-43B3-90CE-1FB6179A03FE} = {EEFCEDE4-AEE0-42B6-8FB9-FBC23D1D1DE7}
		{8994B1E2-8034-49FF-81B4-83B1D2EA164B} = {8A606900-B3E0-433D-B140-3E3CF42E6D07}
		{CF902C34-0F04-4EA3-9EAC-B1EFDD7F30E9} = {8A606900-B3E0-433D-B140-3E3CF42E6D07}
		{DE94AD68-E35D-43DA-9F4A-F02ACAA2622D} = {8A606900-B3E0-433D-B140-3E3CF42E6D07}
		{CE00D594-C529-4E45-B8B4-BB990986FDA8} = {8A606900-B3E0-433D-B140-3E3CF42E6D07}
		{95493B90-182D-4CAC-A352-738F0DF9F5FF} = {8A606900-B3E0-433D-B140-3E3CF42E6D07}
	EndGlobalSection
	GlobalSection(ExtensibilityGlobals) = postSolution
		SolutionGuid = {11513AE8-927A-43ED-BD49-AD97202B10E9}
	EndGlobalSection
EndGlobal
